
Microsoft Visual Studio Solution File, Format Version 12.00
# Visual Studio Version 17
VisualStudioVersion = 17.0.32417.34
MinimumVisualStudioVersion = 10.0.40219.1
Project("{8BC9CEB8-8B4A-11D0-8D11-00A0C91BC942}") = "SceneTransition", "SceneTransition\SceneTransition.vcxproj", "{259A8757-3873-4AD3-BEE4-14199592BFEC}"
EndProject
Global
	GlobalSection(SolutionConfigurationPlatforms) = preSolution
		Debug|x64 = Debug|x64
		Debug|x86 = Debug|x86
		Release|x64 = Release|x64
		Release|x86 = Release|x86
	EndGlobalSection
	GlobalSection(ProjectConfigurationPlatforms) = postSolution
		{259A8757-3873-4AD3-BEE4-14199592BFEC}.Debug|x64.ActiveCfg = Debug|x64
		{259A8757-3873-4AD3-BEE4-14199592BFEC}.Debug|x64.Build.0 = Debug|x64
		{259A8757-3873-4AD3-BEE4-14199592BFEC}.Debug|x86.ActiveCfg = Debug|Win32
		{259A8757-3873-4AD3-BEE4-14199592BFEC}.Debug|x86.Build.0 = Debug|Win32
		{259A8757-3873-4AD3-BEE4-14199592BFEC}.Release|x64.ActiveCfg = Release|x64
		{259A8757-3873-4AD3-BEE4-14199592BFEC}.Release|x64.Build.0 = Release|x64
		{259A8757-3873-4AD3-BEE4-14199592BFEC}.Release|x86.ActiveCfg = Release|Win32
		{259A8757-3873-4AD3-BEE4-14199592BFEC}.Release|x86.Build.0 = Release|Win32
	EndGlobalSection
	GlobalSection(SolutionProperties) = preSolution
		HideSolutionNode = FALSE
	EndGlobalSection
	GlobalSection(ExtensibilityGlobals) = postSolution
		SolutionGuid = {7C8DD66C-31C2-4952-991E-1F93545C40AD}
	EndGlobalSection
EndGlobal
