
Microsoft Visual Studio Solution File, Format Version 12.00
# Visual Studio Version 16
VisualStudioVersion = 16.0.30413.136
MinimumVisualStudioVersion = 10.0.40219.1
Project("{FAE04EC0-301F-11D3-BF4B-00C04F79EFBC}") = "Logger", "Logger\Logger.csproj", "{40587D0F-3A63-4EC9-852E-2FC3B1878B4B}"
EndProject
Global
	GlobalSection(SolutionConfigurationPlatforms) = preSolution
		Debug|Any CPU = Debug|Any CPU
		Release|Any CPU = Release|Any CPU
	EndGlobalSection
	GlobalSection(ProjectConfigurationPlatforms) = postSolution
		{40587D0F-3A63-4EC9-852E-2FC3B1878B4B}.Debug|Any CPU.ActiveCfg = Debug|Any CPU
		{40587D0F-3A63-4EC9-852E-2FC3B1878B4B}.Debug|Any CPU.Build.0 = Debug|Any CPU
		{40587D0F-3A63-4EC9-852E-2FC3B1878B4B}.Release|Any CPU.ActiveCfg = Release|Any CPU
		{40587D0F-3A63-4EC9-852E-2FC3B1878B4B}.Release|Any CPU.Build.0 = Release|Any CPU
	EndGlobalSection
	GlobalSection(SolutionProperties) = preSolution
		HideSolutionNode = FALSE
	EndGlobalSection
	GlobalSection(ExtensibilityGlobals) = postSolution
		SolutionGuid = {EB2EEB7A-9983-4F73-80E3-6A85F26D2487}
	EndGlobalSection
EndGlobal
