
Microsoft Visual Studio Solution File, Format Version 12.00
# Visual Studio Version 17
VisualStudioVersion = 17.3.32819.101
MinimumVisualStudioVersion = 10.0.40219.1
Project("{8BC9CEB8-8B4A-11D0-8D11-00A0C91BC942}") = "TrailRender_line", "TrailRender\TrailRender.vcxproj", "{F2B39E48-A520-4FD1-B7B4-215AA5ADD793}"
EndProject
Project("{8BC9CEB8-8B4A-11D0-8D11-00A0C91BC942}") = "TrainRender_quad", "TrainRender_quad\TrainRender_quad.vcxproj", "{4CA9B25C-FD93-4467-8347-E9D5D7C2AA14}"
EndProject
Project("{8BC9CEB8-8B4A-11D0-8D11-00A0C91BC942}") = "MultiTrailsRender", "SomeTrailsRender\SomeTrailsRender.vcxproj", "{1A2EEE37-D2D8-4C22-9A0D-E85D8FE1AEE7}"
EndProject
Project("{8BC9CEB8-8B4A-11D0-8D11-00A0C91BC942}") = "TexturedTrailRender", "TexturedTrailRender\TexturedTrailRender.vcxproj", "{E4BB7F22-9F20-4AD7-87BE-2DF9E6B9398D}"
EndProject
Global
	GlobalSection(SolutionConfigurationPlatforms) = preSolution
		Debug|x64 = Debug|x64
		Debug|x86 = Debug|x86
		Release|x64 = Release|x64
		Release|x86 = Release|x86
	EndGlobalSection
	GlobalSection(ProjectConfigurationPlatforms) = postSolution
		{F2B39E48-A520-4FD1-B7B4-215AA5ADD793}.Debug|x64.ActiveCfg = Debug|x64
		{F2B39E48-A520-4FD1-B7B4-215AA5ADD793}.Debug|x64.Build.0 = Debug|x64
		{F2B39E48-A520-4FD1-B7B4-215AA5ADD793}.Debug|x86.ActiveCfg = Debug|Win32
		{F2B39E48-A520-4FD1-B7B4-215AA5ADD793}.Debug|x86.Build.0 = Debug|Win32
		{F2B39E48-A520-4FD1-B7B4-215AA5ADD793}.Release|x64.ActiveCfg = Release|x64
		{F2B39E48-A520-4FD1-B7B4-215AA5ADD793}.Release|x64.Build.0 = Release|x64
		{F2B39E48-A520-4FD1-B7B4-215AA5ADD793}.Release|x86.ActiveCfg = Release|Win32
		{F2B39E48-A520-4FD1-B7B4-215AA5ADD793}.Release|x86.Build.0 = Release|Win32
		{4CA9B25C-FD93-4467-8347-E9D5D7C2AA14}.Debug|x64.ActiveCfg = Debug|x64
		{4CA9B25C-FD93-4467-8347-E9D5D7C2AA14}.Debug|x64.Build.0 = Debug|x64
		{4CA9B25C-FD93-4467-8347-E9D5D7C2AA14}.Debug|x86.ActiveCfg = Debug|Win32
		{4CA9B25C-FD93-4467-8347-E9D5D7C2AA14}.Debug|x86.Build.0 = Debug|Win32
		{4CA9B25C-FD93-4467-8347-E9D5D7C2AA14}.Release|x64.ActiveCfg = Release|x64
		{4CA9B25C-FD93-4467-8347-E9D5D7C2AA14}.Release|x64.Build.0 = Release|x64
		{4CA9B25C-FD93-4467-8347-E9D5D7C2AA14}.Release|x86.ActiveCfg = Release|Win32
		{4CA9B25C-FD93-4467-8347-E9D5D7C2AA14}.Release|x86.Build.0 = Release|Win32
		{1A2EEE37-D2D8-4C22-9A0D-E85D8FE1AEE7}.Debug|x64.ActiveCfg = Debug|x64
		{1A2EEE37-D2D8-4C22-9A0D-E85D8FE1AEE7}.Debug|x64.Build.0 = Debug|x64
		{1A2EEE37-D2D8-4C22-9A0D-E85D8FE1AEE7}.Debug|x86.ActiveCfg = Debug|Win32
		{1A2EEE37-D2D8-4C22-9A0D-E85D8FE1AEE7}.Debug|x86.Build.0 = Debug|Win32
		{1A2EEE37-D2D8-4C22-9A0D-E85D8FE1AEE7}.Release|x64.ActiveCfg = Release|x64
		{1A2EEE37-D2D8-4C22-9A0D-E85D8FE1AEE7}.Release|x64.Build.0 = Release|x64
		{1A2EEE37-D2D8-4C22-9A0D-E85D8FE1AEE7}.Release|x86.ActiveCfg = Release|Win32
		{1A2EEE37-D2D8-4C22-9A0D-E85D8FE1AEE7}.Release|x86.Build.0 = Release|Win32
		{E4BB7F22-9F20-4AD7-87BE-2DF9E6B9398D}.Debug|x64.ActiveCfg = Debug|x64
		{E4BB7F22-9F20-4AD7-87BE-2DF9E6B9398D}.Debug|x64.Build.0 = Debug|x64
		{E4BB7F22-9F20-4AD7-87BE-2DF9E6B9398D}.Debug|x86.ActiveCfg = Debug|Win32
		{E4BB7F22-9F20-4AD7-87BE-2DF9E6B9398D}.Debug|x86.Build.0 = Debug|Win32
		{E4BB7F22-9F20-4AD7-87BE-2DF9E6B9398D}.Release|x64.ActiveCfg = Release|x64
		{E4BB7F22-9F20-4AD7-87BE-2DF9E6B9398D}.Release|x64.Build.0 = Release|x64
		{E4BB7F22-9F20-4AD7-87BE-2DF9E6B9398D}.Release|x86.ActiveCfg = Release|Win32
		{E4BB7F22-9F20-4AD7-87BE-2DF9E6B9398D}.Release|x86.Build.0 = Release|Win32
	EndGlobalSection
	GlobalSection(SolutionProperties) = preSolution
		HideSolutionNode = FALSE
	EndGlobalSection
	GlobalSection(ExtensibilityGlobals) = postSolution
		SolutionGuid = {A4DF92C7-A7E7-435B-AF55-6AC59883DF68}
	EndGlobalSection
EndGlobal
