
Microsoft Visual Studio Solution File, Format Version 12.00
# Visual Studio Version 16
VisualStudioVersion = 16.0.31727.386
MinimumVisualStudioVersion = 10.0.40219.1
Project("{8BC9CEB8-8B4A-11D0-8D11-00A0C91BC942}") = "SpriteOutline", "SpriteOutline\SpriteOutline.vcxproj", "{D16118C3-D842-4F41-913B-3AB4A5F7EA5B}"
EndProject
Global
	GlobalSection(SolutionConfigurationPlatforms) = preSolution
		Debug|x64 = Debug|x64
		Debug|x86 = Debug|x86
		Release|x64 = Release|x64
		Release|x86 = Release|x86
	EndGlobalSection
	GlobalSection(ProjectConfigurationPlatforms) = postSolution
		{D16118C3-D842-4F41-913B-3AB4A5F7EA5B}.Debug|x64.ActiveCfg = Debug|x64
		{D16118C3-D842-4F41-913B-3AB4A5F7EA5B}.Debug|x64.Build.0 = Debug|x64
		{D16118C3-D842-4F41-913B-3AB4A5F7EA5B}.Debug|x86.ActiveCfg = Debug|Win32
		{D16118C3-D842-4F41-913B-3AB4A5F7EA5B}.Debug|x86.Build.0 = Debug|Win32
		{D16118C3-D842-4F41-913B-3AB4A5F7EA5B}.Release|x64.ActiveCfg = Release|x64
		{D16118C3-D842-4F41-913B-3AB4A5F7EA5B}.Release|x64.Build.0 = Release|x64
		{D16118C3-D842-4F41-913B-3AB4A5F7EA5B}.Release|x86.ActiveCfg = Release|Win32
		{D16118C3-D842-4F41-913B-3AB4A5F7EA5B}.Release|x86.Build.0 = Release|Win32
	EndGlobalSection
	GlobalSection(SolutionProperties) = preSolution
		HideSolutionNode = FALSE
	EndGlobalSection
	GlobalSection(ExtensibilityGlobals) = postSolution
		SolutionGuid = {FA5ECA26-0830-4D45-A40C-A6245BFBD70F}
	EndGlobalSection
EndGlobal
