
Microsoft Visual Studio Solution File, Format Version 12.00
# Visual Studio Version 17
VisualStudioVersion = 17.0.32929.387
MinimumVisualStudioVersion = 10.0.40219.1
Project("{8BC9CEB8-8B4A-11D0-8D11-00A0C91BC942}") = "BeatGameTemplate", "BeatGameTemplate\BeatGameTemplate.vcxproj", "{A625F490-C4B8-4FD7-9E53-BB588452C6AD}"
EndProject
Global
	GlobalSection(SolutionConfigurationPlatforms) = preSolution
		Debug|x64 = Debug|x64
		Debug|x86 = Debug|x86
		Release|x64 = Release|x64
		Release|x86 = Release|x86
	EndGlobalSection
	GlobalSection(ProjectConfigurationPlatforms) = postSolution
		{A625F490-C4B8-4FD7-9E53-BB588452C6AD}.Debug|x64.ActiveCfg = Debug|x64
		{A625F490-C4B8-4FD7-9E53-BB588452C6AD}.Debug|x64.Build.0 = Debug|x64
		{A625F490-C4B8-4FD7-9E53-BB588452C6AD}.Debug|x86.ActiveCfg = Debug|Win32
		{A625F490-C4B8-4FD7-9E53-BB588452C6AD}.Debug|x86.Build.0 = Debug|Win32
		{A625F490-C4B8-4FD7-9E53-BB588452C6AD}.Release|x64.ActiveCfg = Release|x64
		{A625F490-C4B8-4FD7-9E53-BB588452C6AD}.Release|x64.Build.0 = Release|x64
		{A625F490-C4B8-4FD7-9E53-BB588452C6AD}.Release|x86.ActiveCfg = Release|Win32
		{A625F490-C4B8-4FD7-9E53-BB588452C6AD}.Release|x86.Build.0 = Release|Win32
	EndGlobalSection
	GlobalSection(SolutionProperties) = preSolution
		HideSolutionNode = FALSE
	EndGlobalSection
	GlobalSection(ExtensibilityGlobals) = postSolution
		SolutionGuid = {18797E08-A51D-4411-BE2F-E8E0FEF43CB3}
	EndGlobalSection
EndGlobal
