
Microsoft Visual Studio Solution File, Format Version 12.00
# Visual Studio Version 16
VisualStudioVersion = 16.0.32106.194
MinimumVisualStudioVersion = 10.0.40219.1
Project("{8BC9CEB8-8B4A-11D0-8D11-00A0C91BC942}") = "Index2Index", "Index2Index\Index2Index.vcxproj", "{00392215-713F-4D00-BD05-77601E6E0FF5}"
EndProject
Global
	GlobalSection(SolutionConfigurationPlatforms) = preSolution
		Debug|x64 = Debug|x64
		Debug|x86 = Debug|x86
		Release|x64 = Release|x64
		Release|x86 = Release|x86
	EndGlobalSection
	GlobalSection(ProjectConfigurationPlatforms) = postSolution
		{00392215-713F-4D00-BD05-77601E6E0FF5}.Debug|x64.ActiveCfg = Debug|x64
		{00392215-713F-4D00-BD05-77601E6E0FF5}.Debug|x64.Build.0 = Debug|x64
		{00392215-713F-4D00-BD05-77601E6E0FF5}.Debug|x86.ActiveCfg = Debug|Win32
		{00392215-713F-4D00-BD05-77601E6E0FF5}.Debug|x86.Build.0 = Debug|Win32
		{00392215-713F-4D00-BD05-77601E6E0FF5}.Release|x64.ActiveCfg = Release|x64
		{00392215-713F-4D00-BD05-77601E6E0FF5}.Release|x64.Build.0 = Release|x64
		{00392215-713F-4D00-BD05-77601E6E0FF5}.Release|x86.ActiveCfg = Release|Win32
		{00392215-713F-4D00-BD05-77601E6E0FF5}.Release|x86.Build.0 = Release|Win32
	EndGlobalSection
	GlobalSection(SolutionProperties) = preSolution
		HideSolutionNode = FALSE
	EndGlobalSection
	GlobalSection(ExtensibilityGlobals) = postSolution
		SolutionGuid = {A4326AA9-E830-411C-9773-9678763C5125}
	EndGlobalSection
EndGlobal
