
Microsoft Visual Studio Solution File, Format Version 12.00
# Visual Studio Version 16
VisualStudioVersion = 16.0.32413.511
MinimumVisualStudioVersion = 10.0.40219.1
Project("{8BC9CEB8-8B4A-11D0-8D11-00A0C91BC942}") = "FScanF", "FScanF\FScanF.vcxproj", "{BBAF6EB2-D402-40DE-A3E5-40BFBAE10C9A}"
EndProject
Global
	GlobalSection(SolutionConfigurationPlatforms) = preSolution
		Debug|x64 = Debug|x64
		Debug|x86 = Debug|x86
		Release|x64 = Release|x64
		Release|x86 = Release|x86
	EndGlobalSection
	GlobalSection(ProjectConfigurationPlatforms) = postSolution
		{BBAF6EB2-D402-40DE-A3E5-40BFBAE10C9A}.Debug|x64.ActiveCfg = Debug|x64
		{BBAF6EB2-D402-40DE-A3E5-40BFBAE10C9A}.Debug|x64.Build.0 = Debug|x64
		{BBAF6EB2-D402-40DE-A3E5-40BFBAE10C9A}.Debug|x86.ActiveCfg = Debug|Win32
		{BBAF6EB2-D402-40DE-A3E5-40BFBAE10C9A}.Debug|x86.Build.0 = Debug|Win32
		{BBAF6EB2-D402-40DE-A3E5-40BFBAE10C9A}.Release|x64.ActiveCfg = Release|x64
		{BBAF6EB2-D402-40DE-A3E5-40BFBAE10C9A}.Release|x64.Build.0 = Release|x64
		{BBAF6EB2-D402-40DE-A3E5-40BFBAE10C9A}.Release|x86.ActiveCfg = Release|Win32
		{BBAF6EB2-D402-40DE-A3E5-40BFBAE10C9A}.Release|x86.Build.0 = Release|Win32
	EndGlobalSection
	GlobalSection(SolutionProperties) = preSolution
		HideSolutionNode = FALSE
	EndGlobalSection
	GlobalSection(ExtensibilityGlobals) = postSolution
		SolutionGuid = {8C8F988D-932A-4C97-A849-28A056A74B9A}
	EndGlobalSection
EndGlobal
